
Microsoft Visual Studio Solution File, Format Version 12.00
# Visual Studio Version 17
VisualStudioVersion = 17.13.35818.85
MinimumVisualStudioVersion = 10.0.40219.1
Project("{8BC9CEB8-8B4A-11D0-8D11-00A0C91BC942}") = "C++", "C++.vcxproj", "{687F8CB8-ED2B-44F7-8C00-9AA4A609685D}"
EndProject
Project("{8BC9CEB8-8B4A-11D0-8D11-00A0C91BC942}") = "Day01", "..\Day01\Day01.vcxproj", "{DAF668D5-2B36-4CD3-9A50-79897E62AA57}"
EndProject
Project("{8BC9CEB8-8B4A-11D0-8D11-00A0C91BC942}") = "Day02", "..\Day02\Day02.vcxproj", "{3B7F69A9-2B2A-44FF-9447-D0A0B1109FF1}"
EndProject
Global
	GlobalSection(SolutionConfigurationPlatforms) = preSolution
		Debug|x64 = Debug|x64
		Debug|x86 = Debug|x86
		Release|x64 = Release|x64
		Release|x86 = Release|x86
	EndGlobalSection
	GlobalSection(ProjectConfigurationPlatforms) = postSolution
		{687F8CB8-ED2B-44F7-8C00-9AA4A609685D}.Debug|x64.ActiveCfg = Debug|x64
		{687F8CB8-ED2B-44F7-8C00-9AA4A609685D}.Debug|x64.Build.0 = Debug|x64
		{687F8CB8-ED2B-44F7-8C00-9AA4A609685D}.Debug|x86.ActiveCfg = Debug|Win32
		{687F8CB8-ED2B-44F7-8C00-9AA4A609685D}.Debug|x86.Build.0 = Debug|Win32
		{687F8CB8-ED2B-44F7-8C00-9AA4A609685D}.Release|x64.ActiveCfg = Release|x64
		{687F8CB8-ED2B-44F7-8C00-9AA4A609685D}.Release|x64.Build.0 = Release|x64
		{687F8CB8-ED2B-44F7-8C00-9AA4A609685D}.Release|x86.ActiveCfg = Release|Win32
		{687F8CB8-ED2B-44F7-8C00-9AA4A609685D}.Release|x86.Build.0 = Release|Win32
		{DAF668D5-2B36-4CD3-9A50-79897E62AA57}.Debug|x64.ActiveCfg = Debug|x64
		{DAF668D5-2B36-4CD3-9A50-79897E62AA57}.Debug|x64.Build.0 = Debug|x64
		{DAF668D5-2B36-4CD3-9A50-79897E62AA57}.Debug|x86.ActiveCfg = Debug|Win32
		{DAF668D5-2B36-4CD3-9A50-79897E62AA57}.Debug|x86.Build.0 = Debug|Win32
		{DAF668D5-2B36-4CD3-9A50-79897E62AA57}.Release|x64.ActiveCfg = Release|x64
		{DAF668D5-2B36-4CD3-9A50-79897E62AA57}.Release|x64.Build.0 = Release|x64
		{DAF668D5-2B36-4CD3-9A50-79897E62AA57}.Release|x86.ActiveCfg = Release|Win32
		{DAF668D5-2B36-4CD3-9A50-79897E62AA57}.Release|x86.Build.0 = Release|Win32
		{3B7F69A9-2B2A-44FF-9447-D0A0B1109FF1}.Debug|x64.ActiveCfg = Debug|x64
		{3B7F69A9-2B2A-44FF-9447-D0A0B1109FF1}.Debug|x64.Build.0 = Debug|x64
		{3B7F69A9-2B2A-44FF-9447-D0A0B1109FF1}.Debug|x86.ActiveCfg = Debug|Win32
		{3B7F69A9-2B2A-44FF-9447-D0A0B1109FF1}.Debug|x86.Build.0 = Debug|Win32
		{3B7F69A9-2B2A-44FF-9447-D0A0B1109FF1}.Release|x64.ActiveCfg = Release|x64
		{3B7F69A9-2B2A-44FF-9447-D0A0B1109FF1}.Release|x64.Build.0 = Release|x64
		{3B7F69A9-2B2A-44FF-9447-D0A0B1109FF1}.Release|x86.ActiveCfg = Release|Win32
		{3B7F69A9-2B2A-44FF-9447-D0A0B1109FF1}.Release|x86.Build.0 = Release|Win32
	EndGlobalSection
	GlobalSection(SolutionProperties) = preSolution
		HideSolutionNode = FALSE
	EndGlobalSection
	GlobalSection(ExtensibilityGlobals) = postSolution
		SolutionGuid = {3FB1F026-793F-4228-A429-2C220BA8C98C}
	EndGlobalSection
EndGlobal
